
Microsoft Visual Studio Solution File, Format Version 12.00
# Visual Studio Version 16
VisualStudioVersion = 16.0.29519.87
MinimumVisualStudioVersion = 10.0.40219.1
Project("{FAE04EC0-301F-11D3-BF4B-00C04F79EFBC}") = "TimeApp", "TimeApp\TimeApp.csproj", "{EA4E81F4-2323-4550-8A19-16DA00B0570B}"
EndProject
Global
	GlobalSection(SolutionConfigurationPlatforms) = preSolution
		Debug|Any CPU = Debug|Any CPU
		Release|Any CPU = Release|Any CPU
	EndGlobalSection
	GlobalSection(ProjectConfigurationPlatforms) = postSolution
		{EA4E81F4-2323-4550-8A19-16DA00B0570B}.Debug|Any CPU.ActiveCfg = Debug|Any CPU
		{EA4E81F4-2323-4550-8A19-16DA00B0570B}.Debug|Any CPU.Build.0 = Debug|Any CPU
		{EA4E81F4-2323-4550-8A19-16DA00B0570B}.Release|Any CPU.ActiveCfg = Release|Any CPU
		{EA4E81F4-2323-4550-8A19-16DA00B0570B}.Release|Any CPU.Build.0 = Release|Any CPU
	EndGlobalSection
	GlobalSection(SolutionProperties) = preSolution
		HideSolutionNode = FALSE
	EndGlobalSection
	GlobalSection(ExtensibilityGlobals) = postSolution
		SolutionGuid = {FA8993F3-1D6F-45E8-A486-2F69AFC6BAEC}
	EndGlobalSection
EndGlobal
